
Microsoft Visual Studio Solution File, Format Version 12.00
# Visual Studio Version 17
VisualStudioVersion = 17.12.35506.116 d17.12
MinimumVisualStudioVersion = 10.0.40219.1
Project("{FAE04EC0-301F-11D3-BF4B-00C04F79EFBC}") = "CapaPresentacion", "SistemaFerreteria Victor Lozano Vargas SAC\CapaPresentacion.csproj", "{9B9776A2-C396-46F2-B960-DF4D174E0698}"
EndProject
Project("{FAE04EC0-301F-11D3-BF4B-00C04F79EFBC}") = "ClapaEntiedades", "ClapaEntiedades\ClapaEntiedades.csproj", "{4E407D7D-A213-43F5-B632-53B389A2DA91}"
EndProject
Project("{FAE04EC0-301F-11D3-BF4B-00C04F79EFBC}") = "CapaDatos", "CapaDatos\CapaDatos.csproj", "{3B50BF98-5098-4BE2-A40D-278CA6FBFDB4}"
EndProject
Project("{FAE04EC0-301F-11D3-BF4B-00C04F79EFBC}") = "CapaAplicacion", "CapaAplicacion\CapaAplicacion.csproj", "{28F01D44-771F-4C17-B22D-98029707C4EB}"
EndProject
Global
	GlobalSection(SolutionConfigurationPlatforms) = preSolution
		Debug|Any CPU = Debug|Any CPU
		Release|Any CPU = Release|Any CPU
	EndGlobalSection
	GlobalSection(ProjectConfigurationPlatforms) = postSolution
		{9B9776A2-C396-46F2-B960-DF4D174E0698}.Debug|Any CPU.ActiveCfg = Debug|Any CPU
		{9B9776A2-C396-46F2-B960-DF4D174E0698}.Debug|Any CPU.Build.0 = Debug|Any CPU
		{9B9776A2-C396-46F2-B960-DF4D174E0698}.Release|Any CPU.ActiveCfg = Release|Any CPU
		{9B9776A2-C396-46F2-B960-DF4D174E0698}.Release|Any CPU.Build.0 = Release|Any CPU
		{4E407D7D-A213-43F5-B632-53B389A2DA91}.Debug|Any CPU.ActiveCfg = Debug|Any CPU
		{4E407D7D-A213-43F5-B632-53B389A2DA91}.Debug|Any CPU.Build.0 = Debug|Any CPU
		{4E407D7D-A213-43F5-B632-53B389A2DA91}.Release|Any CPU.ActiveCfg = Release|Any CPU
		{4E407D7D-A213-43F5-B632-53B389A2DA91}.Release|Any CPU.Build.0 = Release|Any CPU
		{3B50BF98-5098-4BE2-A40D-278CA6FBFDB4}.Debug|Any CPU.ActiveCfg = Debug|Any CPU
		{3B50BF98-5098-4BE2-A40D-278CA6FBFDB4}.Debug|Any CPU.Build.0 = Debug|Any CPU
		{3B50BF98-5098-4BE2-A40D-278CA6FBFDB4}.Release|Any CPU.ActiveCfg = Release|Any CPU
		{3B50BF98-5098-4BE2-A40D-278CA6FBFDB4}.Release|Any CPU.Build.0 = Release|Any CPU
		{28F01D44-771F-4C17-B22D-98029707C4EB}.Debug|Any CPU.ActiveCfg = Debug|Any CPU
		{28F01D44-771F-4C17-B22D-98029707C4EB}.Debug|Any CPU.Build.0 = Debug|Any CPU
		{28F01D44-771F-4C17-B22D-98029707C4EB}.Release|Any CPU.ActiveCfg = Release|Any CPU
		{28F01D44-771F-4C17-B22D-98029707C4EB}.Release|Any CPU.Build.0 = Release|Any CPU
	EndGlobalSection
	GlobalSection(SolutionProperties) = preSolution
		HideSolutionNode = FALSE
	EndGlobalSection
EndGlobal
